Microsoft Visual Studio Solution File, Format Version 12.00
# Visual Studio Version 17
VisualStudioVersion = 17.5.2.0
MinimumVisualStudioVersion = 10.0.40219.1
Project("{2150E333-8FDC-42A3-9474-1A3956D46DE8}") = "AvaloniaAsyncDrawing", "AvaloniaAsyncDrawing", "{375F8954-A15E-0AFD-6B59-590E14EE3387}"
EndProject
Project("{FAE04EC0-301F-11D3-BF4B-00C04F79EFBC}") = "AvaloniaAsyncDrawingControl", "AvaloniaAsyncDrawing\AvaloniaAsyncDrawingControl\AvaloniaAsyncDrawingControl.csproj", "{5ECF2924-3F31-A1B6-07C0-F2717A9D3DDD}"
EndProject
Global
	GlobalSection(SolutionConfigurationPlatforms) = preSolution
		Debug|Any CPU = Debug|Any CPU
		Release|Any CPU = Release|Any CPU
	EndGlobalSection
	GlobalSection(ProjectConfigurationPlatforms) = postSolution
		{5ECF2924-3F31-A1B6-07C0-F2717A9D3DDD}.Debug|Any CPU.ActiveCfg = Debug|Any CPU
		{5ECF2924-3F31-A1B6-07C0-F2717A9D3DDD}.Debug|Any CPU.Build.0 = Debug|Any CPU
		{5ECF2924-3F31-A1B6-07C0-F2717A9D3DDD}.Release|Any CPU.ActiveCfg = Release|Any CPU
		{5ECF2924-3F31-A1B6-07C0-F2717A9D3DDD}.Release|Any CPU.Build.0 = Release|Any CPU
	EndGlobalSection
	GlobalSection(SolutionProperties) = preSolution
		HideSolutionNode = FALSE
	EndGlobalSection
	GlobalSection(NestedProjects) = preSolution
		{5ECF2924-3F31-A1B6-07C0-F2717A9D3DDD} = {375F8954-A15E-0AFD-6B59-590E14EE3387}
	EndGlobalSection
	GlobalSection(ExtensibilityGlobals) = postSolution
		SolutionGuid = {ECDBAB6D-D92A-4C65-8460-92A97A87A374}
	EndGlobalSection
EndGlobal
